
Microsoft Visual Studio Solution File, Format Version 12.00
# Visual Studio Version 16
VisualStudioVersion = 16.0.31019.35
MinimumVisualStudioVersion = 10.0.40219.1
Project("{FAE04EC0-301F-11D3-BF4B-00C04F79EFBC}") = "MVC.Web", "MVC\MVC.Web.csproj", "{32B15057-B579-498B-9DD7-DD56574FA5A6}"
EndProject
Project("{FAE04EC0-301F-11D3-BF4B-00C04F79EFBC}") = "MVC.Client", "MVC.Client\MVC.Client.csproj", "{1D12D482-2E2C-47CC-BBA5-C667AA9B824F}"
EndProject
Project("{FAE04EC0-301F-11D3-BF4B-00C04F79EFBC}") = "MVC.Shared", "MVC.Shared\MVC.Shared.csproj", "{D1E3256D-5193-4748-AD3D-2A0AFA759A3B}"
EndProject
Global
	GlobalSection(SolutionConfigurationPlatforms) = preSolution
		Debug|Any CPU = Debug|Any CPU
		Release|Any CPU = Release|Any CPU
	EndGlobalSection
	GlobalSection(ProjectConfigurationPlatforms) = postSolution
		{32B15057-B579-498B-9DD7-DD56574FA5A6}.Debug|Any CPU.ActiveCfg = Debug|Any CPU
		{32B15057-B579-498B-9DD7-DD56574FA5A6}.Debug|Any CPU.Build.0 = Debug|Any CPU
		{32B15057-B579-498B-9DD7-DD56574FA5A6}.Release|Any CPU.ActiveCfg = Release|Any CPU
		{32B15057-B579-498B-9DD7-DD56574FA5A6}.Release|Any CPU.Build.0 = Release|Any CPU
		{1D12D482-2E2C-47CC-BBA5-C667AA9B824F}.Debug|Any CPU.ActiveCfg = Debug|Any CPU
		{1D12D482-2E2C-47CC-BBA5-C667AA9B824F}.Debug|Any CPU.Build.0 = Debug|Any CPU
		{1D12D482-2E2C-47CC-BBA5-C667AA9B824F}.Release|Any CPU.ActiveCfg = Release|Any CPU
		{1D12D482-2E2C-47CC-BBA5-C667AA9B824F}.Release|Any CPU.Build.0 = Release|Any CPU
		{D1E3256D-5193-4748-AD3D-2A0AFA759A3B}.Debug|Any CPU.ActiveCfg = Debug|Any CPU
		{D1E3256D-5193-4748-AD3D-2A0AFA759A3B}.Debug|Any CPU.Build.0 = Debug|Any CPU
		{D1E3256D-5193-4748-AD3D-2A0AFA759A3B}.Release|Any CPU.ActiveCfg = Release|Any CPU
		{D1E3256D-5193-4748-AD3D-2A0AFA759A3B}.Release|Any CPU.Build.0 = Release|Any CPU
	EndGlobalSection
	GlobalSection(SolutionProperties) = preSolution
		HideSolutionNode = FALSE
	EndGlobalSection
	GlobalSection(ExtensibilityGlobals) = postSolution
		SolutionGuid = {B7D9769E-697A-40D3-A90D-9D44B3013ADE}
	EndGlobalSection
EndGlobal
